# This file is automatically @generated by Wally.
# It is not intended for manual editing.
registry = "test"

[[package]]
name = "evaera/promise"
version = "4.0.0"
dependencies = []

[[package]]
name = "howmanysmall/janitor"
version = "1.15.1"
dependencies = []

[[package]]
name = "xswezan/modulename"
version = "0.1.0"
dependencies = [["Janitor", "howmanysmall/janitor@1.15.1"], ["Promise", "evaera/promise@4.0.0"]]
